
Microsoft Visual Studio Solution File, Format Version 12.00
# Visual Studio Version 16
VisualStudioVersion = 16.0.30413.136
MinimumVisualStudioVersion = 10.0.40219.1
Project("{FAE04EC0-301F-11D3-BF4B-00C04F79EFBC}") = "InnerExceptions", "InnerExceptions\InnerExceptions.csproj", "{45F0AFD1-C72D-4EA4-9609-26F778BE330C}"
EndProject
Global
	GlobalSection(SolutionConfigurationPlatforms) = preSolution
		Debug|Any CPU = Debug|Any CPU
		Release|Any CPU = Release|Any CPU
	EndGlobalSection
	GlobalSection(ProjectConfigurationPlatforms) = postSolution
		{45F0AFD1-C72D-4EA4-9609-26F778BE330C}.Debug|Any CPU.ActiveCfg = Debug|Any CPU
		{45F0AFD1-C72D-4EA4-9609-26F778BE330C}.Debug|Any CPU.Build.0 = Debug|Any CPU
		{45F0AFD1-C72D-4EA4-9609-26F778BE330C}.Release|Any CPU.ActiveCfg = Release|Any CPU
		{45F0AFD1-C72D-4EA4-9609-26F778BE330C}.Release|Any CPU.Build.0 = Release|Any CPU
	EndGlobalSection
	GlobalSection(SolutionProperties) = preSolution
		HideSolutionNode = FALSE
	EndGlobalSection
	GlobalSection(ExtensibilityGlobals) = postSolution
		SolutionGuid = {2A4688A1-8836-45EB-87B7-0E364B1B1C20}
	EndGlobalSection
EndGlobal
