
Microsoft Visual Studio Solution File, Format Version 12.00
# Visual Studio Version 16
VisualStudioVersion = 16.0.30413.136
MinimumVisualStudioVersion = 10.0.40219.1
Project("{FAE04EC0-301F-11D3-BF4B-00C04F79EFBC}") = "StreamWriterClass", "StreamWriterClass\StreamWriterClass.csproj", "{4FE70F45-9654-4685-9E6C-D6E5F8CC05CE}"
EndProject
Global
	GlobalSection(SolutionConfigurationPlatforms) = preSolution
		Debug|Any CPU = Debug|Any CPU
		Release|Any CPU = Release|Any CPU
	EndGlobalSection
	GlobalSection(ProjectConfigurationPlatforms) = postSolution
		{4FE70F45-9654-4685-9E6C-D6E5F8CC05CE}.Debug|Any CPU.ActiveCfg = Debug|Any CPU
		{4FE70F45-9654-4685-9E6C-D6E5F8CC05CE}.Debug|Any CPU.Build.0 = Debug|Any CPU
		{4FE70F45-9654-4685-9E6C-D6E5F8CC05CE}.Release|Any CPU.ActiveCfg = Release|Any CPU
		{4FE70F45-9654-4685-9E6C-D6E5F8CC05CE}.Release|Any CPU.Build.0 = Release|Any CPU
	EndGlobalSection
	GlobalSection(SolutionProperties) = preSolution
		HideSolutionNode = FALSE
	EndGlobalSection
	GlobalSection(ExtensibilityGlobals) = postSolution
		SolutionGuid = {FCF180F2-F534-4E82-84FF-80F2262734BE}
	EndGlobalSection
EndGlobal
