
Microsoft Visual Studio Solution File, Format Version 12.00
# Visual Studio Version 16
VisualStudioVersion = 16.0.30413.136
MinimumVisualStudioVersion = 10.0.40219.1
Project("{FAE04EC0-301F-11D3-BF4B-00C04F79EFBC}") = "AdoconfigurationFile", "AdoconfigurationFile\AdoconfigurationFile.csproj", "{F0BB94D3-1329-449F-A747-4AA197ED9E09}"
EndProject
Global
	GlobalSection(SolutionConfigurationPlatforms) = preSolution
		Debug|Any CPU = Debug|Any CPU
		Release|Any CPU = Release|Any CPU
	EndGlobalSection
	GlobalSection(ProjectConfigurationPlatforms) = postSolution
		{F0BB94D3-1329-449F-A747-4AA197ED9E09}.Debug|Any CPU.ActiveCfg = Debug|Any CPU
		{F0BB94D3-1329-449F-A747-4AA197ED9E09}.Debug|Any CPU.Build.0 = Debug|Any CPU
		{F0BB94D3-1329-449F-A747-4AA197ED9E09}.Release|Any CPU.ActiveCfg = Release|Any CPU
		{F0BB94D3-1329-449F-A747-4AA197ED9E09}.Release|Any CPU.Build.0 = Release|Any CPU
	EndGlobalSection
	GlobalSection(SolutionProperties) = preSolution
		HideSolutionNode = FALSE
	EndGlobalSection
	GlobalSection(ExtensibilityGlobals) = postSolution
		SolutionGuid = {319807E6-9CED-403F-9A6B-AC9D69D23119}
	EndGlobalSection
EndGlobal
