
Microsoft Visual Studio Solution File, Format Version 12.00
# Visual Studio Version 16
VisualStudioVersion = 16.0.30413.136
MinimumVisualStudioVersion = 10.0.40219.1
Project("{FAE04EC0-301F-11D3-BF4B-00C04F79EFBC}") = "BinaryWriterAndReader", "BinaryWriterAndReader\BinaryWriterAndReader.csproj", "{1137FDD1-0B8E-4F27-8ECF-AE4F7F9FF2DD}"
EndProject
Global
	GlobalSection(SolutionConfigurationPlatforms) = preSolution
		Debug|Any CPU = Debug|Any CPU
		Release|Any CPU = Release|Any CPU
	EndGlobalSection
	GlobalSection(ProjectConfigurationPlatforms) = postSolution
		{1137FDD1-0B8E-4F27-8ECF-AE4F7F9FF2DD}.Debug|Any CPU.ActiveCfg = Debug|Any CPU
		{1137FDD1-0B8E-4F27-8ECF-AE4F7F9FF2DD}.Debug|Any CPU.Build.0 = Debug|Any CPU
		{1137FDD1-0B8E-4F27-8ECF-AE4F7F9FF2DD}.Release|Any CPU.ActiveCfg = Release|Any CPU
		{1137FDD1-0B8E-4F27-8ECF-AE4F7F9FF2DD}.Release|Any CPU.Build.0 = Release|Any CPU
	EndGlobalSection
	GlobalSection(SolutionProperties) = preSolution
		HideSolutionNode = FALSE
	EndGlobalSection
	GlobalSection(ExtensibilityGlobals) = postSolution
		SolutionGuid = {5A4640D7-C147-4D00-B94E-E48F7C0A9778}
	EndGlobalSection
EndGlobal
