
Microsoft Visual Studio Solution File, Format Version 12.00
# Visual Studio Version 16
VisualStudioVersion = 16.0.30413.136
MinimumVisualStudioVersion = 10.0.40219.1
Project("{FAE04EC0-301F-11D3-BF4B-00C04F79EFBC}") = "MemoryStreamClass", "MemoryStreamClass\MemoryStreamClass.csproj", "{DD3C2116-C63F-40F4-9273-A239186707CD}"
EndProject
Global
	GlobalSection(SolutionConfigurationPlatforms) = preSolution
		Debug|Any CPU = Debug|Any CPU
		Release|Any CPU = Release|Any CPU
	EndGlobalSection
	GlobalSection(ProjectConfigurationPlatforms) = postSolution
		{DD3C2116-C63F-40F4-9273-A239186707CD}.Debug|Any CPU.ActiveCfg = Debug|Any CPU
		{DD3C2116-C63F-40F4-9273-A239186707CD}.Debug|Any CPU.Build.0 = Debug|Any CPU
		{DD3C2116-C63F-40F4-9273-A239186707CD}.Release|Any CPU.ActiveCfg = Release|Any CPU
		{DD3C2116-C63F-40F4-9273-A239186707CD}.Release|Any CPU.Build.0 = Release|Any CPU
	EndGlobalSection
	GlobalSection(SolutionProperties) = preSolution
		HideSolutionNode = FALSE
	EndGlobalSection
	GlobalSection(ExtensibilityGlobals) = postSolution
		SolutionGuid = {AE1BC3BE-A272-4246-8848-719000A5F4F6}
	EndGlobalSection
EndGlobal
