
Microsoft Visual Studio Solution File, Format Version 12.00
# Visual Studio Version 16
VisualStudioVersion = 16.0.30413.136
MinimumVisualStudioVersion = 10.0.40219.1
Project("{FAE04EC0-301F-11D3-BF4B-00C04F79EFBC}") = "GenericCollections", "GenericCollections\GenericCollections.csproj", "{3454CFE3-1039-4964-8F9C-F038361849CE}"
EndProject
Global
	GlobalSection(SolutionConfigurationPlatforms) = preSolution
		Debug|Any CPU = Debug|Any CPU
		Release|Any CPU = Release|Any CPU
	EndGlobalSection
	GlobalSection(ProjectConfigurationPlatforms) = postSolution
		{3454CFE3-1039-4964-8F9C-F038361849CE}.Debug|Any CPU.ActiveCfg = Debug|Any CPU
		{3454CFE3-1039-4964-8F9C-F038361849CE}.Debug|Any CPU.Build.0 = Debug|Any CPU
		{3454CFE3-1039-4964-8F9C-F038361849CE}.Release|Any CPU.ActiveCfg = Release|Any CPU
		{3454CFE3-1039-4964-8F9C-F038361849CE}.Release|Any CPU.Build.0 = Release|Any CPU
	EndGlobalSection
	GlobalSection(SolutionProperties) = preSolution
		HideSolutionNode = FALSE
	EndGlobalSection
	GlobalSection(ExtensibilityGlobals) = postSolution
		SolutionGuid = {CC87B08D-7DA5-4364-B06B-76E8FB7DD58C}
	EndGlobalSection
EndGlobal
