
Microsoft Visual Studio Solution File, Format Version 12.00
# Visual Studio Version 16
VisualStudioVersion = 16.0.30413.136
MinimumVisualStudioVersion = 10.0.40219.1
Project("{FAE04EC0-301F-11D3-BF4B-00C04F79EFBC}") = "SearchOption", "SearchOption\SearchOption.csproj", "{161FFF4E-6987-4753-A2D7-74F31AEE037D}"
EndProject
Global
	GlobalSection(SolutionConfigurationPlatforms) = preSolution
		Debug|Any CPU = Debug|Any CPU
		Release|Any CPU = Release|Any CPU
	EndGlobalSection
	GlobalSection(ProjectConfigurationPlatforms) = postSolution
		{161FFF4E-6987-4753-A2D7-74F31AEE037D}.Debug|Any CPU.ActiveCfg = Debug|Any CPU
		{161FFF4E-6987-4753-A2D7-74F31AEE037D}.Debug|Any CPU.Build.0 = Debug|Any CPU
		{161FFF4E-6987-4753-A2D7-74F31AEE037D}.Release|Any CPU.ActiveCfg = Release|Any CPU
		{161FFF4E-6987-4753-A2D7-74F31AEE037D}.Release|Any CPU.Build.0 = Release|Any CPU
	EndGlobalSection
	GlobalSection(SolutionProperties) = preSolution
		HideSolutionNode = FALSE
	EndGlobalSection
	GlobalSection(ExtensibilityGlobals) = postSolution
		SolutionGuid = {0FBD1616-D37E-42DD-B4C0-9DCB66A95FB2}
	EndGlobalSection
EndGlobal
