
Microsoft Visual Studio Solution File, Format Version 12.00
# Visual Studio Version 16
VisualStudioVersion = 16.0.30413.136
MinimumVisualStudioVersion = 10.0.40219.1
Project("{FAE04EC0-301F-11D3-BF4B-00C04F79EFBC}") = "SortedSetExample", "SortedSetExample\SortedSetExample.csproj", "{DFA853C3-B426-4310-9B9F-1EB0D108D667}"
EndProject
Global
	GlobalSection(SolutionConfigurationPlatforms) = preSolution
		Debug|Any CPU = Debug|Any CPU
		Release|Any CPU = Release|Any CPU
	EndGlobalSection
	GlobalSection(ProjectConfigurationPlatforms) = postSolution
		{DFA853C3-B426-4310-9B9F-1EB0D108D667}.Debug|Any CPU.ActiveCfg = Debug|Any CPU
		{DFA853C3-B426-4310-9B9F-1EB0D108D667}.Debug|Any CPU.Build.0 = Debug|Any CPU
		{DFA853C3-B426-4310-9B9F-1EB0D108D667}.Release|Any CPU.ActiveCfg = Release|Any CPU
		{DFA853C3-B426-4310-9B9F-1EB0D108D667}.Release|Any CPU.Build.0 = Release|Any CPU
	EndGlobalSection
	GlobalSection(SolutionProperties) = preSolution
		HideSolutionNode = FALSE
	EndGlobalSection
	GlobalSection(ExtensibilityGlobals) = postSolution
		SolutionGuid = {373EA5D7-082A-47CD-996A-B3962AAB310B}
	EndGlobalSection
EndGlobal
