
Microsoft Visual Studio Solution File, Format Version 12.00
# Visual Studio Version 16
VisualStudioVersion = 16.0.30413.136
MinimumVisualStudioVersion = 10.0.40219.1
Project("{FAE04EC0-301F-11D3-BF4B-00C04F79EFBC}") = "CollectionsLinq", "CollectionsLinq\CollectionsLinq.csproj", "{C369FF42-4A74-438C-ADBB-CE3FE7FC1E61}"
EndProject
Global
	GlobalSection(SolutionConfigurationPlatforms) = preSolution
		Debug|Any CPU = Debug|Any CPU
		Release|Any CPU = Release|Any CPU
	EndGlobalSection
	GlobalSection(ProjectConfigurationPlatforms) = postSolution
		{C369FF42-4A74-438C-ADBB-CE3FE7FC1E61}.Debug|Any CPU.ActiveCfg = Debug|Any CPU
		{C369FF42-4A74-438C-ADBB-CE3FE7FC1E61}.Debug|Any CPU.Build.0 = Debug|Any CPU
		{C369FF42-4A74-438C-ADBB-CE3FE7FC1E61}.Release|Any CPU.ActiveCfg = Release|Any CPU
		{C369FF42-4A74-438C-ADBB-CE3FE7FC1E61}.Release|Any CPU.Build.0 = Release|Any CPU
	EndGlobalSection
	GlobalSection(SolutionProperties) = preSolution
		HideSolutionNode = FALSE
	EndGlobalSection
	GlobalSection(ExtensibilityGlobals) = postSolution
		SolutionGuid = {3006BAE3-FC67-41C6-852B-E3C93BA0F5CE}
	EndGlobalSection
EndGlobal
