
Microsoft Visual Studio Solution File, Format Version 12.00
# Visual Studio Version 16
VisualStudioVersion = 16.0.30413.136
MinimumVisualStudioVersion = 10.0.40219.1
Project("{FAE04EC0-301F-11D3-BF4B-00C04F79EFBC}") = "JSONSerializer", "JSONSerializer\JSONSerializer.csproj", "{97A56C1D-92FE-4C63-B6F7-EA495936FAE9}"
EndProject
Global
	GlobalSection(SolutionConfigurationPlatforms) = preSolution
		Debug|Any CPU = Debug|Any CPU
		Release|Any CPU = Release|Any CPU
	EndGlobalSection
	GlobalSection(ProjectConfigurationPlatforms) = postSolution
		{97A56C1D-92FE-4C63-B6F7-EA495936FAE9}.Debug|Any CPU.ActiveCfg = Debug|Any CPU
		{97A56C1D-92FE-4C63-B6F7-EA495936FAE9}.Debug|Any CPU.Build.0 = Debug|Any CPU
		{97A56C1D-92FE-4C63-B6F7-EA495936FAE9}.Release|Any CPU.ActiveCfg = Release|Any CPU
		{97A56C1D-92FE-4C63-B6F7-EA495936FAE9}.Release|Any CPU.Build.0 = Release|Any CPU
	EndGlobalSection
	GlobalSection(SolutionProperties) = preSolution
		HideSolutionNode = FALSE
	EndGlobalSection
	GlobalSection(ExtensibilityGlobals) = postSolution
		SolutionGuid = {B2B1B3CB-EB1E-48B7-A994-31F1B42E0A55}
	EndGlobalSection
EndGlobal
