
Microsoft Visual Studio Solution File, Format Version 12.00
# Visual Studio Version 16
VisualStudioVersion = 16.0.30413.136
MinimumVisualStudioVersion = 10.0.40219.1
Project("{FAE04EC0-301F-11D3-BF4B-00C04F79EFBC}") = "EntityFrameworkWithDataSet-First", "EntityFrameworkWithDataSet-First\EntityFrameworkWithDataSet-First.csproj", "{84DD0DBE-4064-40BF-A019-20CB094459A5}"
EndProject
Global
	GlobalSection(SolutionConfigurationPlatforms) = preSolution
		Debug|Any CPU = Debug|Any CPU
		Release|Any CPU = Release|Any CPU
	EndGlobalSection
	GlobalSection(ProjectConfigurationPlatforms) = postSolution
		{84DD0DBE-4064-40BF-A019-20CB094459A5}.Debug|Any CPU.ActiveCfg = Debug|Any CPU
		{84DD0DBE-4064-40BF-A019-20CB094459A5}.Debug|Any CPU.Build.0 = Debug|Any CPU
		{84DD0DBE-4064-40BF-A019-20CB094459A5}.Release|Any CPU.ActiveCfg = Release|Any CPU
		{84DD0DBE-4064-40BF-A019-20CB094459A5}.Release|Any CPU.Build.0 = Release|Any CPU
	EndGlobalSection
	GlobalSection(SolutionProperties) = preSolution
		HideSolutionNode = FALSE
	EndGlobalSection
	GlobalSection(ExtensibilityGlobals) = postSolution
		SolutionGuid = {7E7652A5-A5D3-489F-9AE4-23324C438138}
	EndGlobalSection
EndGlobal
