
Microsoft Visual Studio Solution File, Format Version 12.00
# Visual Studio Version 16
VisualStudioVersion = 16.0.30413.136
MinimumVisualStudioVersion = 10.0.40219.1
Project("{FAE04EC0-301F-11D3-BF4B-00C04F79EFBC}") = "StreamReaderClass", "StreamReaderClass\StreamReaderClass.csproj", "{BE4BB967-5232-4737-9D3F-581F2B4A0725}"
EndProject
Global
	GlobalSection(SolutionConfigurationPlatforms) = preSolution
		Debug|Any CPU = Debug|Any CPU
		Release|Any CPU = Release|Any CPU
	EndGlobalSection
	GlobalSection(ProjectConfigurationPlatforms) = postSolution
		{BE4BB967-5232-4737-9D3F-581F2B4A0725}.Debug|Any CPU.ActiveCfg = Debug|Any CPU
		{BE4BB967-5232-4737-9D3F-581F2B4A0725}.Debug|Any CPU.Build.0 = Debug|Any CPU
		{BE4BB967-5232-4737-9D3F-581F2B4A0725}.Release|Any CPU.ActiveCfg = Release|Any CPU
		{BE4BB967-5232-4737-9D3F-581F2B4A0725}.Release|Any CPU.Build.0 = Release|Any CPU
	EndGlobalSection
	GlobalSection(SolutionProperties) = preSolution
		HideSolutionNode = FALSE
	EndGlobalSection
	GlobalSection(ExtensibilityGlobals) = postSolution
		SolutionGuid = {97805EF2-DA22-4264-8ABF-C473EC4CF7FB}
	EndGlobalSection
EndGlobal
