
Microsoft Visual Studio Solution File, Format Version 12.00
# Visual Studio Version 16
VisualStudioVersion = 16.0.30413.136
MinimumVisualStudioVersion = 10.0.40219.1
Project("{FAE04EC0-301F-11D3-BF4B-00C04F79EFBC}") = "SortedSetMethods2", "SortedSetMethods2\SortedSetMethods2.csproj", "{D6854D82-F8CD-4A3F-ACED-57593D2D13D2}"
EndProject
Global
	GlobalSection(SolutionConfigurationPlatforms) = preSolution
		Debug|Any CPU = Debug|Any CPU
		Release|Any CPU = Release|Any CPU
	EndGlobalSection
	GlobalSection(ProjectConfigurationPlatforms) = postSolution
		{D6854D82-F8CD-4A3F-ACED-57593D2D13D2}.Debug|Any CPU.ActiveCfg = Debug|Any CPU
		{D6854D82-F8CD-4A3F-ACED-57593D2D13D2}.Debug|Any CPU.Build.0 = Debug|Any CPU
		{D6854D82-F8CD-4A3F-ACED-57593D2D13D2}.Release|Any CPU.ActiveCfg = Release|Any CPU
		{D6854D82-F8CD-4A3F-ACED-57593D2D13D2}.Release|Any CPU.Build.0 = Release|Any CPU
	EndGlobalSection
	GlobalSection(SolutionProperties) = preSolution
		HideSolutionNode = FALSE
	EndGlobalSection
	GlobalSection(ExtensibilityGlobals) = postSolution
		SolutionGuid = {20BC73A3-CF15-4EE8-AE4A-6DAB79AB9CD3}
	EndGlobalSection
EndGlobal
