
Microsoft Visual Studio Solution File, Format Version 12.00
# Visual Studio Version 16
VisualStudioVersion = 16.0.30413.136
MinimumVisualStudioVersion = 10.0.40219.1
Project("{FAE04EC0-301F-11D3-BF4B-00C04F79EFBC}") = "JSONSerializeAndDeserializeCollections", "JSONSerializeAndDeserializeCollections\JSONSerializeAndDeserializeCollections.csproj", "{523EB376-C28C-497B-873A-16C26D8C158A}"
EndProject
Global
	GlobalSection(SolutionConfigurationPlatforms) = preSolution
		Debug|Any CPU = Debug|Any CPU
		Release|Any CPU = Release|Any CPU
	EndGlobalSection
	GlobalSection(ProjectConfigurationPlatforms) = postSolution
		{523EB376-C28C-497B-873A-16C26D8C158A}.Debug|Any CPU.ActiveCfg = Debug|Any CPU
		{523EB376-C28C-497B-873A-16C26D8C158A}.Debug|Any CPU.Build.0 = Debug|Any CPU
		{523EB376-C28C-497B-873A-16C26D8C158A}.Release|Any CPU.ActiveCfg = Release|Any CPU
		{523EB376-C28C-497B-873A-16C26D8C158A}.Release|Any CPU.Build.0 = Release|Any CPU
	EndGlobalSection
	GlobalSection(SolutionProperties) = preSolution
		HideSolutionNode = FALSE
	EndGlobalSection
	GlobalSection(ExtensibilityGlobals) = postSolution
		SolutionGuid = {ACA5D171-99AD-42B8-8791-414637E4DEA8}
	EndGlobalSection
EndGlobal
