
Microsoft Visual Studio Solution File, Format Version 12.00
# Visual Studio Version 16
VisualStudioVersion = 16.0.30413.136
MinimumVisualStudioVersion = 10.0.40219.1
Project("{9A19103F-16F7-4668-BE54-9A1E7A4F7556}") = "Arrays", "Arrays\Arrays.csproj", "{6C424010-1F2C-40D3-BEC0-6C2818C9C4D2}"
EndProject
Project("{2150E333-8FDC-42A3-9474-1A3956D46DE8}") = "Solution Items", "Solution Items", "{43D7FB98-B213-4A63-BC08-CCB610961C84}"
	ProjectSection(SolutionItems) = preProject
		Class2.cs = Class2.cs
	EndProjectSection
EndProject
Global
	GlobalSection(SolutionConfigurationPlatforms) = preSolution
		Debug|Any CPU = Debug|Any CPU
		Release|Any CPU = Release|Any CPU
	EndGlobalSection
	GlobalSection(ProjectConfigurationPlatforms) = postSolution
		{6C424010-1F2C-40D3-BEC0-6C2818C9C4D2}.Debug|Any CPU.ActiveCfg = Debug|Any CPU
		{6C424010-1F2C-40D3-BEC0-6C2818C9C4D2}.Debug|Any CPU.Build.0 = Debug|Any CPU
		{6C424010-1F2C-40D3-BEC0-6C2818C9C4D2}.Release|Any CPU.ActiveCfg = Release|Any CPU
		{6C424010-1F2C-40D3-BEC0-6C2818C9C4D2}.Release|Any CPU.Build.0 = Release|Any CPU
	EndGlobalSection
	GlobalSection(SolutionProperties) = preSolution
		HideSolutionNode = FALSE
	EndGlobalSection
	GlobalSection(ExtensibilityGlobals) = postSolution
		SolutionGuid = {F54A8BAC-0648-46C7-9E84-D1A861E48660}
	EndGlobalSection
EndGlobal
