
Microsoft Visual Studio Solution File, Format Version 12.00
# Visual Studio Version 16
VisualStudioVersion = 16.0.30413.136
MinimumVisualStudioVersion = 10.0.40219.1
Project("{FAE04EC0-301F-11D3-BF4B-00C04F79EFBC}") = "ListClassRangeMethods", "ListClassRangeMethods\ListClassRangeMethods.csproj", "{C786266C-C466-410F-ABD4-FDD675818A3B}"
EndProject
Global
	GlobalSection(SolutionConfigurationPlatforms) = preSolution
		Debug|Any CPU = Debug|Any CPU
		Release|Any CPU = Release|Any CPU
	EndGlobalSection
	GlobalSection(ProjectConfigurationPlatforms) = postSolution
		{C786266C-C466-410F-ABD4-FDD675818A3B}.Debug|Any CPU.ActiveCfg = Debug|Any CPU
		{C786266C-C466-410F-ABD4-FDD675818A3B}.Debug|Any CPU.Build.0 = Debug|Any CPU
		{C786266C-C466-410F-ABD4-FDD675818A3B}.Release|Any CPU.ActiveCfg = Release|Any CPU
		{C786266C-C466-410F-ABD4-FDD675818A3B}.Release|Any CPU.Build.0 = Release|Any CPU
	EndGlobalSection
	GlobalSection(SolutionProperties) = preSolution
		HideSolutionNode = FALSE
	EndGlobalSection
	GlobalSection(ExtensibilityGlobals) = postSolution
		SolutionGuid = {A00E38A5-0AE5-4A6C-BCE5-4EC81848C7ED}
	EndGlobalSection
EndGlobal
