
Microsoft Visual Studio Solution File, Format Version 12.00
# Visual Studio Version 16
VisualStudioVersion = 16.0.30413.136
MinimumVisualStudioVersion = 10.0.40219.1
Project("{FAE04EC0-301F-11D3-BF4B-00C04F79EFBC}") = "HashsetSample", "HashsetSample\HashsetSample.csproj", "{6248A723-6987-4D3E-8207-7D31A21CD2EC}"
EndProject
Global
	GlobalSection(SolutionConfigurationPlatforms) = preSolution
		Debug|Any CPU = Debug|Any CPU
		Release|Any CPU = Release|Any CPU
	EndGlobalSection
	GlobalSection(ProjectConfigurationPlatforms) = postSolution
		{6248A723-6987-4D3E-8207-7D31A21CD2EC}.Debug|Any CPU.ActiveCfg = Debug|Any CPU
		{6248A723-6987-4D3E-8207-7D31A21CD2EC}.Debug|Any CPU.Build.0 = Debug|Any CPU
		{6248A723-6987-4D3E-8207-7D31A21CD2EC}.Release|Any CPU.ActiveCfg = Release|Any CPU
		{6248A723-6987-4D3E-8207-7D31A21CD2EC}.Release|Any CPU.Build.0 = Release|Any CPU
	EndGlobalSection
	GlobalSection(SolutionProperties) = preSolution
		HideSolutionNode = FALSE
	EndGlobalSection
	GlobalSection(ExtensibilityGlobals) = postSolution
		SolutionGuid = {D8D3D660-0A8D-4912-A7BB-C9B38F881483}
	EndGlobalSection
EndGlobal
