
Microsoft Visual Studio Solution File, Format Version 12.00
# Visual Studio Version 16
VisualStudioVersion = 16.0.30413.136
MinimumVisualStudioVersion = 10.0.40219.1
Project("{FAE04EC0-301F-11D3-BF4B-00C04F79EFBC}") = "GenericListMethod1", "GenericListMethod1\GenericListMethod1.csproj", "{209D21A5-6777-4C3B-B0C0-DC9931272AF9}"
EndProject
Global
	GlobalSection(SolutionConfigurationPlatforms) = preSolution
		Debug|Any CPU = Debug|Any CPU
		Release|Any CPU = Release|Any CPU
	EndGlobalSection
	GlobalSection(ProjectConfigurationPlatforms) = postSolution
		{209D21A5-6777-4C3B-B0C0-DC9931272AF9}.Debug|Any CPU.ActiveCfg = Debug|Any CPU
		{209D21A5-6777-4C3B-B0C0-DC9931272AF9}.Debug|Any CPU.Build.0 = Debug|Any CPU
		{209D21A5-6777-4C3B-B0C0-DC9931272AF9}.Release|Any CPU.ActiveCfg = Release|Any CPU
		{209D21A5-6777-4C3B-B0C0-DC9931272AF9}.Release|Any CPU.Build.0 = Release|Any CPU
	EndGlobalSection
	GlobalSection(SolutionProperties) = preSolution
		HideSolutionNode = FALSE
	EndGlobalSection
	GlobalSection(ExtensibilityGlobals) = postSolution
		SolutionGuid = {5472FDF9-69F2-4F9D-B1CF-2737A3CB4210}
	EndGlobalSection
EndGlobal
