
Microsoft Visual Studio Solution File, Format Version 12.00
# Visual Studio Version 16
VisualStudioVersion = 16.0.30413.136
MinimumVisualStudioVersion = 10.0.40219.1
Project("{FAE04EC0-301F-11D3-BF4B-00C04F79EFBC}") = "JTokenDeepEquals", "JTokenDeepEquals\JTokenDeepEquals.csproj", "{49BFD9E5-0536-4E05-8EE4-0B3BB04F7C88}"
EndProject
Global
	GlobalSection(SolutionConfigurationPlatforms) = preSolution
		Debug|Any CPU = Debug|Any CPU
		Release|Any CPU = Release|Any CPU
	EndGlobalSection
	GlobalSection(ProjectConfigurationPlatforms) = postSolution
		{49BFD9E5-0536-4E05-8EE4-0B3BB04F7C88}.Debug|Any CPU.ActiveCfg = Debug|Any CPU
		{49BFD9E5-0536-4E05-8EE4-0B3BB04F7C88}.Debug|Any CPU.Build.0 = Debug|Any CPU
		{49BFD9E5-0536-4E05-8EE4-0B3BB04F7C88}.Release|Any CPU.ActiveCfg = Release|Any CPU
		{49BFD9E5-0536-4E05-8EE4-0B3BB04F7C88}.Release|Any CPU.Build.0 = Release|Any CPU
	EndGlobalSection
	GlobalSection(SolutionProperties) = preSolution
		HideSolutionNode = FALSE
	EndGlobalSection
	GlobalSection(ExtensibilityGlobals) = postSolution
		SolutionGuid = {6AB03EC6-9EA2-4E77-B189-D96928EA63A5}
	EndGlobalSection
EndGlobal
