
Microsoft Visual Studio Solution File, Format Version 12.00
# Visual Studio Version 16
VisualStudioVersion = 16.0.30413.136
MinimumVisualStudioVersion = 10.0.40219.1
Project("{FAE04EC0-301F-11D3-BF4B-00C04F79EFBC}") = "AsyncMethod1", "AsyncMethod1\AsyncMethod1.csproj", "{A6A0951E-7C9A-429A-8DC4-8B8D40EF8534}"
EndProject
Global
	GlobalSection(SolutionConfigurationPlatforms) = preSolution
		Debug|Any CPU = Debug|Any CPU
		Release|Any CPU = Release|Any CPU
	EndGlobalSection
	GlobalSection(ProjectConfigurationPlatforms) = postSolution
		{A6A0951E-7C9A-429A-8DC4-8B8D40EF8534}.Debug|Any CPU.ActiveCfg = Debug|Any CPU
		{A6A0951E-7C9A-429A-8DC4-8B8D40EF8534}.Debug|Any CPU.Build.0 = Debug|Any CPU
		{A6A0951E-7C9A-429A-8DC4-8B8D40EF8534}.Release|Any CPU.ActiveCfg = Release|Any CPU
		{A6A0951E-7C9A-429A-8DC4-8B8D40EF8534}.Release|Any CPU.Build.0 = Release|Any CPU
	EndGlobalSection
	GlobalSection(SolutionProperties) = preSolution
		HideSolutionNode = FALSE
	EndGlobalSection
	GlobalSection(ExtensibilityGlobals) = postSolution
		SolutionGuid = {76889F6F-A83C-42E2-89D6-B52FBCEDDDB4}
	EndGlobalSection
EndGlobal
